// !$*UTF8*$!
{
	archiveVersion = 1;
	classes = {
	};
	objectVersion = 60;
	objects = {

/* Begin PBXBuildFile section */
		AA1111111111111111111111 /* GlyphsMCPInstallerApp.swift in Sources */ = {isa = PBXBuildFile; fileRef = AA3000000000000000000001 /* GlyphsMCPInstallerApp.swift */; };
		AA1111111111111111111112 /* ContentView.swift in Sources */ = {isa = PBXBuildFile; fileRef = AA3000000000000000000002 /* ContentView.swift */; };
		AA1111111111111111111113 /* InstallerViewModel.swift in Sources */ = {isa = PBXBuildFile; fileRef = AA3000000000000000000003 /* InstallerViewModel.swift */; };
		AA1111111111111111111114 /* ProcessRunner.swift in Sources */ = {isa = PBXBuildFile; fileRef = AA3000000000000000000004 /* ProcessRunner.swift */; };
		AA1111111111111111111115 /* Preflight.swift in Sources */ = {isa = PBXBuildFile; fileRef = AA3000000000000000000005 /* Preflight.swift */; };
		AA1111111111111111111116 /* Installers.swift in Sources */ = {isa = PBXBuildFile; fileRef = AA3000000000000000000006 /* Installers.swift */; };
		AA1111111111111111111117 /* ConfigPatchers.swift in Sources */ = {isa = PBXBuildFile; fileRef = AA3000000000000000000007 /* ConfigPatchers.swift */; };
		AA1111111111111111111118 /* StarterProjectCreator.swift in Sources */ = {isa = PBXBuildFile; fileRef = AA3000000000000000000008 /* StarterProjectCreator.swift */; };
		AA1111111111111111111119 /* FileIO.swift in Sources */ = {isa = PBXBuildFile; fileRef = AA3000000000000000000009 /* FileIO.swift */; };
		AA111111111111111111111A /* ModernStyle.swift in Sources */ = {isa = PBXBuildFile; fileRef = AA3000000000000000000017 /* ModernStyle.swift */; };
		AA111111111111111111111B /* GlyphsRuntime.swift in Sources */ = {isa = PBXBuildFile; fileRef = AA3000000000000000000020 /* GlyphsRuntime.swift */; };
		AA1111111111111111111120 /* AGENTS.md in Resources */ = {isa = PBXBuildFile; fileRef = AA3000000000000000000010 /* AGENTS.md */; };
		AA1111111111111111111121 /* GlyphsMCPInstallerTests.swift in Sources */ = {isa = PBXBuildFile; fileRef = AA3000000000000000000011 /* GlyphsMCPInstallerTests.swift */; };
		AA1111111111111111111122 /* GlyphsMCPInstallerCore.framework in Frameworks */ = {isa = PBXBuildFile; fileRef = AA3000000000000000000014 /* GlyphsMCPInstallerCore.framework */; };
		AA1111111111111111111123 /* GlyphsMCPInstallerCore.framework in Embed Frameworks */ = {isa = PBXBuildFile; fileRef = AA3000000000000000000014 /* GlyphsMCPInstallerCore.framework */; settings = {ATTRIBUTES = (CodeSignOnCopy, RemoveHeadersOnCopy, ); }; };
		AA1111111111111111111124 /* GlyphsMCPInstallerCore.framework in Frameworks */ = {isa = PBXBuildFile; fileRef = AA3000000000000000000014 /* GlyphsMCPInstallerCore.framework */; };
		AA1111111111111111111125 /* Check.swift in Sources */ = {isa = PBXBuildFile; fileRef = AA3000000000000000000015 /* Check.swift */; };
		AA1111111111111111111126 /* GlyphsPreferences.swift in Sources */ = {isa = PBXBuildFile; fileRef = AA3000000000000000000016 /* GlyphsPreferences.swift */; };
		AA1111111111111111111127 /* PluginUpdate.swift in Sources */ = {isa = PBXBuildFile; fileRef = AA3000000000000000000018 /* PluginUpdate.swift */; };
		AA1111111111111111111128 /* GitHubPluginDownloader.swift in Sources */ = {isa = PBXBuildFile; fileRef = AA3000000000000000000019 /* GitHubPluginDownloader.swift */; };
		AA1111111111111111111129 /* Assets.xcassets in Resources */ = {isa = PBXBuildFile; fileRef = AA3000000000000000000021 /* Assets.xcassets */; };
		AA1111111111111111111130 /* Localizable.strings in Resources */ = {isa = PBXBuildFile; fileRef = AA3000000000000000000025 /* Localizable.strings */; };
		AA1111111111111111111131 /* GlyphsTargets.swift in Sources */ = {isa = PBXBuildFile; fileRef = AA3000000000000000000026 /* GlyphsTargets.swift */; };
		AA1111111111111111111132 /* Uninstaller.swift in Sources */ = {isa = PBXBuildFile; fileRef = AA3000000000000000000027 /* Uninstaller.swift */; };
		AA1111111111111111111133 /* UpdaterStaging.swift in Sources */ = {isa = PBXBuildFile; fileRef = AA3000000000000000000028 /* UpdaterStaging.swift */; };
		AA1111111111111111111134 /* UpdaterStaging.swift in Sources */ = {isa = PBXBuildFile; fileRef = AA3000000000000000000028 /* UpdaterStaging.swift */; };
		AA1111111111111111111135 /* UpdaterMain.swift in Sources */ = {isa = PBXBuildFile; fileRef = AA3000000000000000000029 /* UpdaterMain.swift */; };
		AA1111111111111111111136 /* GlyphsMCPUpdater in Resources */ = {isa = PBXBuildFile; fileRef = AA300000000000000000002A /* GlyphsMCPUpdater */; settings = {ATTRIBUTES = (CodeSignOnCopy, ); }; };
		AA1111111111111111111137 /* UpdateHelperManager.swift in Sources */ = {isa = PBXBuildFile; fileRef = AA300000000000000000002B /* UpdateHelperManager.swift */; };
		F4C332F82F538E3E00BF5B52 /* AppIcon.icon in Resources */ = {isa = PBXBuildFile; fileRef = F4C332F72F538E3E00BF5B52 /* AppIcon.icon */; };
		ED1E0CF9C25CB32B2359DDA6 /* DesktopModel.swift in Sources */ = {isa = PBXBuildFile; fileRef = A4BD315CE020CA45337A7124 /* DesktopModel.swift */; };
		C08D77A3A3BD2E7E2D73CE12 /* InstallationView.swift in Sources */ = {isa = PBXBuildFile; fileRef = 81E0CEF38BD5272FB76A0141 /* InstallationView.swift */; };
		599AF7AF980DDAE940BDB02E /* DesktopActivity.swift in Sources */ = {isa = PBXBuildFile; fileRef = 58B0069E64B8166545068655 /* DesktopActivity.swift */; };
		63A2AB3FB5CDB3256C48DA16 /* DesktopInstallation.swift in Sources */ = {isa = PBXBuildFile; fileRef = F6545F2403F0978EBA9F9CD4 /* DesktopInstallation.swift */; };
		0AC9B1F44B12D38D9172EEA8 /* DesktopTests.swift in Sources */ = {isa = PBXBuildFile; fileRef = 07D2D62E1F5AA9456A113CB3 /* DesktopTests.swift */; };
		70C99485418C6795E9B31071 /* DesktopAppDelegate.swift in Sources */ = {isa = PBXBuildFile; fileRef = 8476B5C5BFB77C8A0DC8560D /* DesktopAppDelegate.swift */; };
		D049D2DA83A153A23D72BED5 /* DesktopMonitorPolicy.swift in Sources */ = {isa = PBXBuildFile; fileRef = 6E6E3B10904D60F7875759D9 /* DesktopMonitorPolicy.swift */; };
		DE7000000000000000000002 /* Templates in Resources */ = {isa = PBXBuildFile; fileRef = DE7000000000000000000001 /* Templates */; };
		4BD5801D03F3BFE8C5753241 /* DesktopProjects.swift in Sources */ = {isa = PBXBuildFile; fileRef = 799F925C995B370E8C812ADA /* DesktopProjects.swift */; };
		A64F540FCB1E8FBA46D0471A /* ProjectTemplates.swift in Sources */ = {isa = PBXBuildFile; fileRef = 08C4804E908F36018324252F /* ProjectTemplates.swift */; };
		CCFECA554C6AFEAAE447F59E /* ReadOnlyGit.swift in Sources */ = {isa = PBXBuildFile; fileRef = 4B835ED3BEA22F725C8CE779 /* ReadOnlyGit.swift */; };
		301CC88B1075FB8C7D68E536 /* TemplateArchive.swift in Sources */ = {isa = PBXBuildFile; fileRef = 2E0A2AE83BF82B1BED14C418 /* TemplateArchive.swift */; };
		3798197D32341A75E4B09817 /* TemplateStore.swift in Sources */ = {isa = PBXBuildFile; fileRef = 95D90AE2D889DFE2DA67B0E9 /* TemplateStore.swift */; };
		E3E54D6F7E263E4FE22AB626 /* DesktopProjectTests.swift in Sources */ = {isa = PBXBuildFile; fileRef = C4E77E1829B42BE676AEFC3D /* DesktopProjectTests.swift */; };
		DE7100000000000000000002 /* Sparkle.framework in Frameworks */ = {isa = PBXBuildFile; fileRef = DE7100000000000000000001; };
		DE7100000000000000000003 /* Sparkle.framework in Embed Frameworks */ = {isa = PBXBuildFile; fileRef = DE7100000000000000000001; settings = {ATTRIBUTES = (CodeSignOnCopy, RemoveHeadersOnCopy, ); }; };
		0F0E7AC6B007BE7D6C1B2A6E /* DesktopUpdates.swift in Sources */ = {isa = PBXBuildFile; fileRef = AA980944FF0301D855003051 /* DesktopUpdates.swift */; };
		DE7000000000000000000004 /* Notices in Resources */ = {isa = PBXBuildFile; fileRef = DE7000000000000000000003 /* Notices */; };
		E84CC28818E4CC99FCCB10CA /* DesktopJobEvents.swift in Sources */ = {isa = PBXBuildFile; fileRef = AA8D0B383F3BAC6C5D8F4640 /* DesktopJobEvents.swift */; };
		C77B301FEBD51A7A40A91B94 /* DesktopMenuImage.swift in Sources */ = {isa = PBXBuildFile; fileRef = 60EC656C5A910DCFFD852637 /* DesktopMenuImage.swift */; };
		3F59FD997BDD3F90653A6CF7 /* DesktopActivityTests.swift in Sources */ = {isa = PBXBuildFile; fileRef = B64094A83C1E97F7753C2BD5 /* DesktopActivityTests.swift */; };
		12B887EC93C336A12F5525CF /* DesktopProjectCatalog.swift in Sources */ = {isa = PBXBuildFile; fileRef = 79FDCE0E9723C6BE768AC691 /* DesktopProjectCatalog.swift */; };
		BB8FED442C37149356C19DC9 /* DesktopProjectWizard.swift in Sources */ = {isa = PBXBuildFile; fileRef = 51217EC4D8AA7AD6079F9881 /* DesktopProjectWizard.swift */; };
		0B32DBB6D0B856B5E6F921FE /* DesktopProjectNavigation.swift in Sources */ = {isa = PBXBuildFile; fileRef = 611B6383133A9E1FBE188607 /* DesktopProjectNavigation.swift */; };
		F67CF5CD0053D10B3F8F96A2 /* DesktopProjectNavigationTests.swift in Sources */ = {isa = PBXBuildFile; fileRef = 742CDB4C4DB7F215A6599D3C /* DesktopProjectNavigationTests.swift */; };
		236B4C66C61F57542ED4641A /* DesktopProjectSettings.swift in Sources */ = {isa = PBXBuildFile; fileRef = 0748BF3FE7A5EC33A8E94DD1 /* DesktopProjectSettings.swift */; };
		B20000000000000000000001 /* DesktopGitWorkspace.swift in Sources */ = {isa = PBXBuildFile; fileRef = B30000000000000000000001 /* DesktopGitWorkspace.swift */; };
		B20000000000000000000002 /* GlyphDiff.swift in Sources */ = {isa = PBXBuildFile; fileRef = B30000000000000000000002 /* GlyphDiff.swift */; };
		B20000000000000000000003 /* PierreDiffsSwift in Frameworks */ = {isa = PBXBuildFile; productRef = B40000000000000000000002 /* PierreDiffsSwift */; };
/* End PBXBuildFile section */

/* Begin PBXContainerItemProxy section */
		AA2000000000000000000001 /* PBXContainerItemProxy */ = {
			isa = PBXContainerItemProxy;
			containerPortal = AA0000000000000000000001 /* Project object */;
			proxyType = 1;
			remoteGlobalIDString = AA0000000000000000000010;
			remoteInfo = GlyphsMCPInstaller;
		};
		AA2000000000000000000002 /* PBXContainerItemProxy */ = {
			isa = PBXContainerItemProxy;
			containerPortal = AA0000000000000000000001 /* Project object */;
			proxyType = 1;
			remoteGlobalIDString = AA00000000000000000000C0;
			remoteInfo = GlyphsMCPInstallerCore;
		};
		AA2000000000000000000003 /* PBXContainerItemProxy */ = {
			isa = PBXContainerItemProxy;
			containerPortal = AA0000000000000000000001 /* Project object */;
			proxyType = 1;
			remoteGlobalIDString = AA00000000000000000000C0;
			remoteInfo = GlyphsMCPInstallerCore;
		};
		AA2000000000000000000004 /* PBXContainerItemProxy */ = {
			isa = PBXContainerItemProxy;
			containerPortal = AA0000000000000000000001 /* Project object */;
			proxyType = 1;
			remoteGlobalIDString = AA00000000000000000000E0;
			remoteInfo = GlyphsMCPUpdater;
		};
/* End PBXContainerItemProxy section */

/* Begin PBXCopyFilesBuildPhase section */
		AA00000000000000000000D0 /* Embed Frameworks */ = {
			isa = PBXCopyFilesBuildPhase;
			buildActionMask = 2147483647;
			dstPath = "";
			dstSubfolderSpec = 10;
			files = (
				AA1111111111111111111123 /* GlyphsMCPInstallerCore.framework in Embed Frameworks */,
				DE7100000000000000000003 /* Sparkle.framework in Embed Frameworks */,
			);
			name = "Embed Frameworks";
			runOnlyForDeploymentPostprocessing = 0;
		};
/* End PBXCopyFilesBuildPhase section */

/* Begin PBXFileReference section */
		AA3000000000000000000001 /* GlyphsMCPInstallerApp.swift */ = {isa = PBXFileReference; lastKnownFileType = sourcecode.swift; path = GlyphsMCPInstallerApp.swift; sourceTree = "<group>"; };
		AA3000000000000000000002 /* ContentView.swift */ = {isa = PBXFileReference; lastKnownFileType = sourcecode.swift; path = ContentView.swift; sourceTree = "<group>"; };
		AA3000000000000000000003 /* InstallerViewModel.swift */ = {isa = PBXFileReference; lastKnownFileType = sourcecode.swift; path = InstallerViewModel.swift; sourceTree = "<group>"; };
		AA3000000000000000000004 /* ProcessRunner.swift */ = {isa = PBXFileReference; lastKnownFileType = sourcecode.swift; path = ProcessRunner.swift; sourceTree = "<group>"; };
		AA3000000000000000000005 /* Preflight.swift */ = {isa = PBXFileReference; lastKnownFileType = sourcecode.swift; path = Preflight.swift; sourceTree = "<group>"; };
		AA3000000000000000000006 /* Installers.swift */ = {isa = PBXFileReference; lastKnownFileType = sourcecode.swift; path = Installers.swift; sourceTree = "<group>"; };
		AA3000000000000000000007 /* ConfigPatchers.swift */ = {isa = PBXFileReference; lastKnownFileType = sourcecode.swift; path = ConfigPatchers.swift; sourceTree = "<group>"; };
		AA3000000000000000000008 /* StarterProjectCreator.swift */ = {isa = PBXFileReference; lastKnownFileType = sourcecode.swift; path = StarterProjectCreator.swift; sourceTree = "<group>"; };
		AA3000000000000000000009 /* FileIO.swift */ = {isa = PBXFileReference; lastKnownFileType = sourcecode.swift; path = FileIO.swift; sourceTree = "<group>"; };
		AA3000000000000000000010 /* AGENTS.md */ = {isa = PBXFileReference; lastKnownFileType = text; path = AGENTS.md; sourceTree = "<group>"; };
		AA3000000000000000000011 /* GlyphsMCPInstallerTests.swift */ = {isa = PBXFileReference; lastKnownFileType = sourcecode.swift; path = GlyphsMCPInstallerTests.swift; sourceTree = "<group>"; };
		AA3000000000000000000012 /* GlyphsMCPInstaller.app */ = {isa = PBXFileReference; explicitFileType = wrapper.application; includeInIndex = 0; path = "Glyphs MCP.app"; sourceTree = BUILT_PRODUCTS_DIR; };
		AA3000000000000000000013 /* GlyphsMCPInstallerTests.xctest */ = {isa = PBXFileReference; explicitFileType = wrapper.cfbundle; includeInIndex = 0; path = GlyphsMCPInstallerTests.xctest; sourceTree = BUILT_PRODUCTS_DIR; };
		AA3000000000000000000014 /* GlyphsMCPInstallerCore.framework */ = {isa = PBXFileReference; explicitFileType = wrapper.framework; includeInIndex = 0; path = GlyphsMCPInstallerCore.framework; sourceTree = BUILT_PRODUCTS_DIR; };
		AA3000000000000000000015 /* Check.swift */ = {isa = PBXFileReference; lastKnownFileType = sourcecode.swift; path = Check.swift; sourceTree = "<group>"; };
		AA3000000000000000000016 /* GlyphsPreferences.swift */ = {isa = PBXFileReference; lastKnownFileType = sourcecode.swift; path = GlyphsPreferences.swift; sourceTree = "<group>"; };
		AA3000000000000000000017 /* ModernStyle.swift */ = {isa = PBXFileReference; lastKnownFileType = sourcecode.swift; path = ModernStyle.swift; sourceTree = "<group>"; };
		AA3000000000000000000018 /* PluginUpdate.swift */ = {isa = PBXFileReference; lastKnownFileType = sourcecode.swift; path = PluginUpdate.swift; sourceTree = "<group>"; };
		AA3000000000000000000019 /* GitHubPluginDownloader.swift */ = {isa = PBXFileReference; lastKnownFileType = sourcecode.swift; path = GitHubPluginDownloader.swift; sourceTree = "<group>"; };
		AA3000000000000000000020 /* GlyphsRuntime.swift */ = {isa = PBXFileReference; lastKnownFileType = sourcecode.swift; path = GlyphsRuntime.swift; sourceTree = "<group>"; };
		AA3000000000000000000021 /* Assets.xcassets */ = {isa = PBXFileReference; lastKnownFileType = folder.assetcatalog; name = Assets.xcassets; path = Resources/Assets.xcassets; sourceTree = SOURCE_ROOT; };
		AA3000000000000000000022 /* en */ = {isa = PBXFileReference; lastKnownFileType = text.plist.strings; name = en; path = Resources/en.lproj/Localizable.strings; sourceTree = SOURCE_ROOT; };
		AA3000000000000000000023 /* fr */ = {isa = PBXFileReference; lastKnownFileType = text.plist.strings; name = fr; path = Resources/fr.lproj/Localizable.strings; sourceTree = SOURCE_ROOT; };
		AA3000000000000000000024 /* zh-Hans */ = {isa = PBXFileReference; lastKnownFileType = text.plist.strings; name = "zh-Hans"; path = "Resources/zh-Hans.lproj/Localizable.strings"; sourceTree = SOURCE_ROOT; };
		AA3000000000000000000026 /* GlyphsTargets.swift */ = {isa = PBXFileReference; lastKnownFileType = sourcecode.swift; path = GlyphsTargets.swift; sourceTree = "<group>"; };
		AA3000000000000000000027 /* Uninstaller.swift */ = {isa = PBXFileReference; lastKnownFileType = sourcecode.swift; path = Uninstaller.swift; sourceTree = "<group>"; };
		AA3000000000000000000028 /* UpdaterStaging.swift */ = {isa = PBXFileReference; lastKnownFileType = sourcecode.swift; path = UpdaterStaging.swift; sourceTree = "<group>"; };
		AA3000000000000000000029 /* UpdaterMain.swift */ = {isa = PBXFileReference; lastKnownFileType = sourcecode.swift; path = UpdaterMain.swift; sourceTree = "<group>"; };
		AA300000000000000000002A /* GlyphsMCPUpdater */ = {isa = PBXFileReference; explicitFileType = "compiled.mach-o.executable"; includeInIndex = 0; path = GlyphsMCPUpdater; sourceTree = BUILT_PRODUCTS_DIR; };
		AA300000000000000000002B /* UpdateHelperManager.swift */ = {isa = PBXFileReference; lastKnownFileType = sourcecode.swift; path = UpdateHelperManager.swift; sourceTree = "<group>"; };
		F4C332F72F538E3E00BF5B52 /* AppIcon.icon */ = {isa = PBXFileReference; lastKnownFileType = folder.iconcomposer.icon; name = AppIcon.icon; path = Resources/AppIcon.icon; sourceTree = SOURCE_ROOT; };
		A4BD315CE020CA45337A7124 /* DesktopModel.swift */ = {isa = PBXFileReference; lastKnownFileType = sourcecode.swift; path = "DesktopModel.swift"; sourceTree = "<group>"; };
		81E0CEF38BD5272FB76A0141 /* InstallationView.swift */ = {isa = PBXFileReference; lastKnownFileType = sourcecode.swift; path = "InstallationView.swift"; sourceTree = "<group>"; };
		58B0069E64B8166545068655 /* DesktopActivity.swift */ = {isa = PBXFileReference; lastKnownFileType = sourcecode.swift; path = "DesktopActivity.swift"; sourceTree = "<group>"; };
		F6545F2403F0978EBA9F9CD4 /* DesktopInstallation.swift */ = {isa = PBXFileReference; lastKnownFileType = sourcecode.swift; path = "DesktopInstallation.swift"; sourceTree = "<group>"; };
		07D2D62E1F5AA9456A113CB3 /* DesktopTests.swift */ = {isa = PBXFileReference; lastKnownFileType = sourcecode.swift; path = "DesktopTests.swift"; sourceTree = "<group>"; };
		8476B5C5BFB77C8A0DC8560D /* DesktopAppDelegate.swift */ = {isa = PBXFileReference; lastKnownFileType = sourcecode.swift; path = "DesktopAppDelegate.swift"; sourceTree = "<group>"; };
		6E6E3B10904D60F7875759D9 /* DesktopMonitorPolicy.swift */ = {isa = PBXFileReference; lastKnownFileType = sourcecode.swift; path = "DesktopMonitorPolicy.swift"; sourceTree = "<group>"; };
		DE7000000000000000000001 /* Templates */ = {isa = PBXFileReference; lastKnownFileType = folder; path = Templates; sourceTree = "<group>"; };
		799F925C995B370E8C812ADA /* DesktopProjects.swift */ = {isa = PBXFileReference; lastKnownFileType = sourcecode.swift; path = "DesktopProjects.swift"; sourceTree = "<group>"; };
		08C4804E908F36018324252F /* ProjectTemplates.swift */ = {isa = PBXFileReference; lastKnownFileType = sourcecode.swift; path = "ProjectTemplates.swift"; sourceTree = "<group>"; };
		4B835ED3BEA22F725C8CE779 /* ReadOnlyGit.swift */ = {isa = PBXFileReference; lastKnownFileType = sourcecode.swift; path = "ReadOnlyGit.swift"; sourceTree = "<group>"; };
		2E0A2AE83BF82B1BED14C418 /* TemplateArchive.swift */ = {isa = PBXFileReference; lastKnownFileType = sourcecode.swift; path = "TemplateArchive.swift"; sourceTree = "<group>"; };
		95D90AE2D889DFE2DA67B0E9 /* TemplateStore.swift */ = {isa = PBXFileReference; lastKnownFileType = sourcecode.swift; path = "TemplateStore.swift"; sourceTree = "<group>"; };
		C4E77E1829B42BE676AEFC3D /* DesktopProjectTests.swift */ = {isa = PBXFileReference; lastKnownFileType = sourcecode.swift; path = "DesktopProjectTests.swift"; sourceTree = "<group>"; };
		DE7100000000000000000001 /* Sparkle.framework */ = {isa = PBXFileReference; lastKnownFileType = wrapper.framework; path = "../../build/desktop-dependencies/Sparkle.framework"; sourceTree = SOURCE_ROOT; };
		AA980944FF0301D855003051 /* DesktopUpdates.swift */ = {isa = PBXFileReference; lastKnownFileType = sourcecode.swift; path = "DesktopUpdates.swift"; sourceTree = "<group>"; };
		DE7000000000000000000003 /* Notices */ = {isa = PBXFileReference; lastKnownFileType = folder; path = Notices; sourceTree = "<group>"; };
		AA8D0B383F3BAC6C5D8F4640 /* DesktopJobEvents.swift */ = {isa = PBXFileReference; lastKnownFileType = sourcecode.swift; path = "DesktopJobEvents.swift"; sourceTree = "<group>"; };
		60EC656C5A910DCFFD852637 /* DesktopMenuImage.swift */ = {isa = PBXFileReference; lastKnownFileType = sourcecode.swift; path = "DesktopMenuImage.swift"; sourceTree = "<group>"; };
		B64094A83C1E97F7753C2BD5 /* DesktopActivityTests.swift */ = {isa = PBXFileReference; lastKnownFileType = sourcecode.swift; path = "DesktopActivityTests.swift"; sourceTree = "<group>"; };
		79FDCE0E9723C6BE768AC691 /* DesktopProjectCatalog.swift */ = {isa = PBXFileReference; lastKnownFileType = sourcecode.swift; path = "DesktopProjectCatalog.swift"; sourceTree = "<group>"; };
		51217EC4D8AA7AD6079F9881 /* DesktopProjectWizard.swift */ = {isa = PBXFileReference; lastKnownFileType = sourcecode.swift; path = "DesktopProjectWizard.swift"; sourceTree = "<group>"; };
		611B6383133A9E1FBE188607 /* DesktopProjectNavigation.swift */ = {isa = PBXFileReference; lastKnownFileType = sourcecode.swift; path = "DesktopProjectNavigation.swift"; sourceTree = "<group>"; };
		742CDB4C4DB7F215A6599D3C /* DesktopProjectNavigationTests.swift */ = {isa = PBXFileReference; lastKnownFileType = sourcecode.swift; path = "DesktopProjectNavigationTests.swift"; sourceTree = "<group>"; };
		0748BF3FE7A5EC33A8E94DD1 /* DesktopProjectSettings.swift */ = {isa = PBXFileReference; lastKnownFileType = sourcecode.swift; path = "DesktopProjectSettings.swift"; sourceTree = "<group>"; };
		B30000000000000000000001 /* DesktopGitWorkspace.swift */ = {isa = PBXFileReference; lastKnownFileType = sourcecode.swift; path = DesktopGitWorkspace.swift; sourceTree = "<group>"; };
		B30000000000000000000002 /* GlyphDiff.swift */ = {isa = PBXFileReference; lastKnownFileType = sourcecode.swift; path = GlyphDiff.swift; sourceTree = "<group>"; };
/* End PBXFileReference section */

/* Begin PBXFrameworksBuildPhase section */
		AA0000000000000000000013 /* Frameworks */ = {
			isa = PBXFrameworksBuildPhase;
			buildActionMask = 2147483647;
			files = (
				AA1111111111111111111122 /* GlyphsMCPInstallerCore.framework in Frameworks */,
				DE7100000000000000000002 /* Sparkle.framework in Frameworks */,
				B20000000000000000000003 /* PierreDiffsSwift in Frameworks */,
			);
			runOnlyForDeploymentPostprocessing = 0;
		};
		AA0000000000000000000014 /* Frameworks */ = {
			isa = PBXFrameworksBuildPhase;
			buildActionMask = 2147483647;
			files = (
				AA1111111111111111111124 /* GlyphsMCPInstallerCore.framework in Frameworks */,
			);
			runOnlyForDeploymentPostprocessing = 0;
		};
		AA00000000000000000000C6 /* Frameworks */ = {
			isa = PBXFrameworksBuildPhase;
			buildActionMask = 2147483647;
			files = (
			);
			runOnlyForDeploymentPostprocessing = 0;
		};
		AA00000000000000000000E1 /* Frameworks */ = {
			isa = PBXFrameworksBuildPhase;
			buildActionMask = 2147483647;
			files = (
			);
			runOnlyForDeploymentPostprocessing = 0;
		};
/* End PBXFrameworksBuildPhase section */

/* Begin PBXGroup section */
		AA0000000000000000000002 = {
			isa = PBXGroup;
			children = (
				AA0000000000000000000003 /* Sources */,
				AA00000000000000000000C7 /* Core */,
				AA00000000000000000000C8 /* Updater */,
				AA0000000000000000000004 /* Resources */,
				AA0000000000000000000005 /* Tests */,
				AA0000000000000000000006 /* Products */,
			);
			sourceTree = "<group>";
		};
		AA0000000000000000000003 /* Sources */ = {
			isa = PBXGroup;
			children = (
				B30000000000000000000001 /* DesktopGitWorkspace.swift */,
				0748BF3FE7A5EC33A8E94DD1 /* DesktopProjectSettings.swift */,
				51217EC4D8AA7AD6079F9881 /* DesktopProjectWizard.swift */,
				79FDCE0E9723C6BE768AC691 /* DesktopProjectCatalog.swift */,
				AA980944FF0301D855003051 /* DesktopUpdates.swift */,
				799F925C995B370E8C812ADA /* DesktopProjects.swift */,
				8476B5C5BFB77C8A0DC8560D /* DesktopAppDelegate.swift */,
				81E0CEF38BD5272FB76A0141 /* InstallationView.swift */,
				A4BD315CE020CA45337A7124 /* DesktopModel.swift */,
				AA3000000000000000000001 /* GlyphsMCPInstallerApp.swift */,
				AA3000000000000000000002 /* ContentView.swift */,
				AA3000000000000000000003 /* InstallerViewModel.swift */,
				AA3000000000000000000017 /* ModernStyle.swift */,
				AA3000000000000000000020 /* GlyphsRuntime.swift */,
			);
			path = Sources;
			sourceTree = "<group>";
		};
		AA0000000000000000000004 /* Resources */ = {
			isa = PBXGroup;
			children = (
				F4C332F72F538E3E00BF5B52 /* AppIcon.icon */,
				AA3000000000000000000021 /* Assets.xcassets */,
				DE7000000000000000000001 /* Templates */,
				DE7000000000000000000003 /* Notices */,
				AA3000000000000000000025 /* Localizable.strings */,
				AA0000000000000000000007 /* Starter */,
			);
			path = Resources;
			sourceTree = "<group>";
		};
		AA0000000000000000000005 /* Tests */ = {
			isa = PBXGroup;
			children = (
				AA0000000000000000000008 /* GlyphsMCPInstallerTests */,
			);
			path = Tests;
			sourceTree = "<group>";
		};
		AA0000000000000000000006 /* Products */ = {
			isa = PBXGroup;
			children = (
				AA3000000000000000000012 /* GlyphsMCPInstaller.app */,
				AA3000000000000000000014 /* GlyphsMCPInstallerCore.framework */,
				AA300000000000000000002A /* GlyphsMCPUpdater */,
				AA3000000000000000000013 /* GlyphsMCPInstallerTests.xctest */,
			);
			name = Products;
			sourceTree = "<group>";
		};
		AA0000000000000000000007 /* Starter */ = {
			isa = PBXGroup;
			children = (
				AA3000000000000000000010 /* AGENTS.md */,
			);
			path = Starter;
			sourceTree = "<group>";
		};
		AA0000000000000000000008 /* GlyphsMCPInstallerTests */ = {
			isa = PBXGroup;
			children = (
				742CDB4C4DB7F215A6599D3C /* DesktopProjectNavigationTests.swift */,
				B64094A83C1E97F7753C2BD5 /* DesktopActivityTests.swift */,
				C4E77E1829B42BE676AEFC3D /* DesktopProjectTests.swift */,
				07D2D62E1F5AA9456A113CB3 /* DesktopTests.swift */,
				AA3000000000000000000011 /* GlyphsMCPInstallerTests.swift */,
			);
			path = GlyphsMCPInstallerTests;
			sourceTree = "<group>";
		};
		AA00000000000000000000C7 /* Core */ = {
			isa = PBXGroup;
			children = (
				B30000000000000000000002 /* GlyphDiff.swift */,
				611B6383133A9E1FBE188607 /* DesktopProjectNavigation.swift */,
				60EC656C5A910DCFFD852637 /* DesktopMenuImage.swift */,
				AA8D0B383F3BAC6C5D8F4640 /* DesktopJobEvents.swift */,
				95D90AE2D889DFE2DA67B0E9 /* TemplateStore.swift */,
				2E0A2AE83BF82B1BED14C418 /* TemplateArchive.swift */,
				4B835ED3BEA22F725C8CE779 /* ReadOnlyGit.swift */,
				08C4804E908F36018324252F /* ProjectTemplates.swift */,
				6E6E3B10904D60F7875759D9 /* DesktopMonitorPolicy.swift */,
				F6545F2403F0978EBA9F9CD4 /* DesktopInstallation.swift */,
				58B0069E64B8166545068655 /* DesktopActivity.swift */,
				AA3000000000000000000009 /* FileIO.swift */,
				AA3000000000000000000004 /* ProcessRunner.swift */,
				AA3000000000000000000005 /* Preflight.swift */,
				AA3000000000000000000016 /* GlyphsPreferences.swift */,
				AA3000000000000000000026 /* GlyphsTargets.swift */,
				AA3000000000000000000027 /* Uninstaller.swift */,
				AA3000000000000000000028 /* UpdaterStaging.swift */,
				AA300000000000000000002B /* UpdateHelperManager.swift */,
				AA3000000000000000000018 /* PluginUpdate.swift */,
				AA3000000000000000000019 /* GitHubPluginDownloader.swift */,
				AA3000000000000000000006 /* Installers.swift */,
				AA3000000000000000000007 /* ConfigPatchers.swift */,
				AA3000000000000000000008 /* StarterProjectCreator.swift */,
				AA3000000000000000000015 /* Check.swift */,
			);
			path = Core;
			sourceTree = "<group>";
		};
		AA00000000000000000000C8 /* Updater */ = {
			isa = PBXGroup;
			children = (
				AA3000000000000000000029 /* UpdaterMain.swift */,
			);
			path = Updater;
			sourceTree = "<group>";
		};
/* End PBXGroup section */

/* Begin PBXNativeTarget section */
		AA0000000000000000000010 /* GlyphsMCPInstaller */ = {
			isa = PBXNativeTarget;
			buildConfigurationList = AA0000000000000000000020 /* Build configuration list for PBXNativeTarget "GlyphsMCPInstaller" */;
			buildPhases = (
				AA0000000000000000000011 /* Sources */,
				AA0000000000000000000012 /* Resources */,
				AA0000000000000000000015 /* Copy Payload */,
				AA00000000000000000000D0 /* Embed Frameworks */,
				AA0000000000000000000013 /* Frameworks */,
			);
			buildRules = (
			);
			dependencies = (
				AA00000000000000000000D3 /* PBXTargetDependency */,
				AA00000000000000000000D7 /* PBXTargetDependency */,
			);
			name = GlyphsMCPInstaller;
			packageProductDependencies = (
				B40000000000000000000002 /* PierreDiffsSwift */,
			);
			productName = GlyphsMCPInstaller;
			productReference = AA3000000000000000000012 /* GlyphsMCPInstaller.app */;
			productType = "com.apple.product-type.application";
		};
		AA0000000000000000000016 /* GlyphsMCPInstallerTests */ = {
			isa = PBXNativeTarget;
			buildConfigurationList = AA0000000000000000000023 /* Build configuration list for PBXNativeTarget "GlyphsMCPInstallerTests" */;
			buildPhases = (
				AA0000000000000000000017 /* Sources */,
				AA0000000000000000000014 /* Frameworks */,
			);
			buildRules = (
			);
			dependencies = (
				AA0000000000000000000019 /* PBXTargetDependency */,
				AA00000000000000000000D5 /* PBXTargetDependency */,
			);
			name = GlyphsMCPInstallerTests;
			productName = GlyphsMCPInstallerTests;
			productReference = AA3000000000000000000013 /* GlyphsMCPInstallerTests.xctest */;
			productType = "com.apple.product-type.bundle.unit-test";
		};
		AA00000000000000000000C0 /* GlyphsMCPInstallerCore */ = {
			isa = PBXNativeTarget;
			buildConfigurationList = AA00000000000000000000C2 /* Build configuration list for PBXNativeTarget "GlyphsMCPInstallerCore" */;
			buildPhases = (
				AA00000000000000000000C5 /* Sources */,
				AA00000000000000000000C6 /* Frameworks */,
			);
			buildRules = (
			);
			dependencies = (
			);
			name = GlyphsMCPInstallerCore;
			productName = GlyphsMCPInstallerCore;
			productReference = AA3000000000000000000014 /* GlyphsMCPInstallerCore.framework */;
			productType = "com.apple.product-type.framework";
		};
		AA00000000000000000000E0 /* GlyphsMCPUpdater */ = {
			isa = PBXNativeTarget;
			buildConfigurationList = AA00000000000000000000E3 /* Build configuration list for PBXNativeTarget "GlyphsMCPUpdater" */;
			buildPhases = (
				AA00000000000000000000E2 /* Sources */,
				AA00000000000000000000E1 /* Frameworks */,
			);
			buildRules = (
			);
			dependencies = (
			);
			name = GlyphsMCPUpdater;
			productName = GlyphsMCPUpdater;
			productReference = AA300000000000000000002A /* GlyphsMCPUpdater */;
			productType = "com.apple.product-type.tool";
		};
/* End PBXNativeTarget section */

/* Begin PBXProject section */
		AA0000000000000000000001 /* Project object */ = {
			isa = PBXProject;
			attributes = {
				BuildIndependentTargetsInParallel = 1;
				LastSwiftUpdateCheck = 1600;
				LastUpgradeCheck = 2630;
				ORGANIZATIONNAME = ap.cx;
				TargetAttributes = {
					AA0000000000000000000010 = {
						CreatedOnToolsVersion = 16.0;
					};
					AA0000000000000000000016 = {
						CreatedOnToolsVersion = 16.0;
						TestTargetID = AA0000000000000000000010;
					};
					AA00000000000000000000C0 = {
						CreatedOnToolsVersion = 16.0;
					};
					AA00000000000000000000E0 = {
						CreatedOnToolsVersion = 16.0;
					};
				};
			};
			buildConfigurationList = AA000000000000000000001E /* Build configuration list for PBXProject "GlyphsMCPInstaller" */;
			compatibilityVersion = "Xcode 15.0";
			developmentRegion = en;
			hasScannedForEncodings = 0;
			knownRegions = (
				en,
				fr,
				"zh-Hans",
				Base,
			);
			mainGroup = AA0000000000000000000002;
			packageReferences = (
				B40000000000000000000001 /* XCLocalSwiftPackageReference "PierreDiffsSwift" */,
			);
			productRefGroup = AA0000000000000000000006 /* Products */;
			projectDirPath = "";
			projectRoot = "";
			targets = (
				AA0000000000000000000010 /* GlyphsMCPInstaller */,
				AA00000000000000000000C0 /* GlyphsMCPInstallerCore */,
				AA00000000000000000000E0 /* GlyphsMCPUpdater */,
				AA0000000000000000000016 /* GlyphsMCPInstallerTests */,
			);
		};
/* End PBXProject section */

/* Begin PBXResourcesBuildPhase section */
		AA0000000000000000000012 /* Resources */ = {
			isa = PBXResourcesBuildPhase;
			buildActionMask = 2147483647;
			files = (
				AA1111111111111111111120 /* AGENTS.md in Resources */,
				AA1111111111111111111129 /* Assets.xcassets in Resources */,
				DE7000000000000000000002 /* Templates in Resources */,
				DE7000000000000000000004 /* Notices in Resources */,
				AA1111111111111111111130 /* Localizable.strings in Resources */,
				AA1111111111111111111136 /* GlyphsMCPUpdater in Resources */,
				F4C332F82F538E3E00BF5B52 /* AppIcon.icon in Resources */,
			);
			runOnlyForDeploymentPostprocessing = 0;
		};
/* End PBXResourcesBuildPhase section */

/* Begin PBXShellScriptBuildPhase section */
		AA0000000000000000000015 /* Copy Payload */ = {
			isa = PBXShellScriptBuildPhase;
			alwaysOutOfDate = 1;
			buildActionMask = 2147483647;
			files = (
			);
			inputFileListPaths = (
			);
			inputPaths = (
			);
			name = "Copy Payload";
			outputFileListPaths = (
			);
			outputPaths = (
				"$(TARGET_BUILD_DIR)/$(UNLOCALIZED_RESOURCES_FOLDER_PATH)/Payload/.payload-stamp",
			);
			runOnlyForDeploymentPostprocessing = 0;
			shellPath = /bin/bash;
			shellScript = "set -euo pipefail\n\nPAYLOAD_DIR=\"$TARGET_BUILD_DIR/$UNLOCALIZED_RESOURCES_FOLDER_PATH/Payload\"\nREPO_ROOT=\"$PROJECT_DIR/../..\"\nPYTHON_BIN=\"${PYTHON_BIN:-python3}\"\n\n\"$PYTHON_BIN\" \"$REPO_ROOT/scripts/build_installer_payload.py\" \\\n  --output-root \"$PAYLOAD_DIR\" \\\n  --allow-outside-worktree\n\n# Sign every generated plug-in loader only in signing-enabled builds. The\n# Release exporter later signs and seals all nested bundles from the deepest\n# bundle outward. Local closure builds pass CODE_SIGNING_ALLOWED=NO and must\n# remain genuinely unsigned.\nif [ \"${CODE_SIGNING_ALLOWED:-YES}\" = \"NO\" ]; then\n  echo \"Code signing disabled; leaving payload plug-in executables unsigned.\"\nelse\n  SIGN_ID=\"${EXPANDED_CODE_SIGN_IDENTITY:-${CODE_SIGN_IDENTITY:-}}\"\n  while IFS= read -r -d '' PLUGIN_BIN; do\n    if [ -n \"${SIGN_ID:-}\" ]; then\n      echo \"Signing payload plug-in executable with: $SIGN_ID\"\n      /usr/bin/codesign --force --sign \"$SIGN_ID\" --timestamp --options runtime \"$PLUGIN_BIN\"\n      /usr/bin/codesign --verify --verbose=2 \"$PLUGIN_BIN\"\n    else\n      echo \"WARN: CODE_SIGN_IDENTITY is empty; skipping payload plug-in signing. Notarization will fail.\" >&2\n    fi\n  done < <(/usr/bin/find \"$PAYLOAD_DIR/Plugins\" -type f -path '*/Contents/MacOS/plugin' -print0)\nfi\n\n: > \"$PAYLOAD_DIR/.payload-stamp\"\necho \"Target-aware payload staged at: $PAYLOAD_DIR\"\n";
		};
/* End PBXShellScriptBuildPhase section */

/* Begin PBXSourcesBuildPhase section */
		AA0000000000000000000011 /* Sources */ = {
			isa = PBXSourcesBuildPhase;
			buildActionMask = 2147483647;
			files = (
				B20000000000000000000001 /* DesktopGitWorkspace.swift in Sources */,
				236B4C66C61F57542ED4641A /* DesktopProjectSettings.swift in Sources */,
				BB8FED442C37149356C19DC9 /* DesktopProjectWizard.swift in Sources */,
				12B887EC93C336A12F5525CF /* DesktopProjectCatalog.swift in Sources */,
				0F0E7AC6B007BE7D6C1B2A6E /* DesktopUpdates.swift in Sources */,
				4BD5801D03F3BFE8C5753241 /* DesktopProjects.swift in Sources */,
				70C99485418C6795E9B31071 /* DesktopAppDelegate.swift in Sources */,
				C08D77A3A3BD2E7E2D73CE12 /* InstallationView.swift in Sources */,
				ED1E0CF9C25CB32B2359DDA6 /* DesktopModel.swift in Sources */,
				AA1111111111111111111111 /* GlyphsMCPInstallerApp.swift in Sources */,
				AA1111111111111111111112 /* ContentView.swift in Sources */,
				AA1111111111111111111113 /* InstallerViewModel.swift in Sources */,
				AA111111111111111111111A /* ModernStyle.swift in Sources */,
				AA111111111111111111111B /* GlyphsRuntime.swift in Sources */,
			);
			runOnlyForDeploymentPostprocessing = 0;
		};
		AA0000000000000000000017 /* Sources */ = {
			isa = PBXSourcesBuildPhase;
			buildActionMask = 2147483647;
			files = (
				F67CF5CD0053D10B3F8F96A2 /* DesktopProjectNavigationTests.swift in Sources */,
				3F59FD997BDD3F90653A6CF7 /* DesktopActivityTests.swift in Sources */,
				E3E54D6F7E263E4FE22AB626 /* DesktopProjectTests.swift in Sources */,
				0AC9B1F44B12D38D9172EEA8 /* DesktopTests.swift in Sources */,
				AA1111111111111111111121 /* GlyphsMCPInstallerTests.swift in Sources */,
			);
			runOnlyForDeploymentPostprocessing = 0;
		};
		AA00000000000000000000C5 /* Sources */ = {
			isa = PBXSourcesBuildPhase;
			buildActionMask = 2147483647;
			files = (
				B20000000000000000000002 /* GlyphDiff.swift in Sources */,
				0B32DBB6D0B856B5E6F921FE /* DesktopProjectNavigation.swift in Sources */,
				C77B301FEBD51A7A40A91B94 /* DesktopMenuImage.swift in Sources */,
				E84CC28818E4CC99FCCB10CA /* DesktopJobEvents.swift in Sources */,
				3798197D32341A75E4B09817 /* TemplateStore.swift in Sources */,
				301CC88B1075FB8C7D68E536 /* TemplateArchive.swift in Sources */,
				CCFECA554C6AFEAAE447F59E /* ReadOnlyGit.swift in Sources */,
				A64F540FCB1E8FBA46D0471A /* ProjectTemplates.swift in Sources */,
				D049D2DA83A153A23D72BED5 /* DesktopMonitorPolicy.swift in Sources */,
				63A2AB3FB5CDB3256C48DA16 /* DesktopInstallation.swift in Sources */,
				599AF7AF980DDAE940BDB02E /* DesktopActivity.swift in Sources */,
				AA1111111111111111111114 /* ProcessRunner.swift in Sources */,
				AA1111111111111111111115 /* Preflight.swift in Sources */,
				AA1111111111111111111126 /* GlyphsPreferences.swift in Sources */,
				AA1111111111111111111131 /* GlyphsTargets.swift in Sources */,
				AA1111111111111111111132 /* Uninstaller.swift in Sources */,
				AA1111111111111111111133 /* UpdaterStaging.swift in Sources */,
				AA1111111111111111111137 /* UpdateHelperManager.swift in Sources */,
				AA1111111111111111111127 /* PluginUpdate.swift in Sources */,
				AA1111111111111111111128 /* GitHubPluginDownloader.swift in Sources */,
				AA1111111111111111111116 /* Installers.swift in Sources */,
				AA1111111111111111111117 /* ConfigPatchers.swift in Sources */,
				AA1111111111111111111118 /* StarterProjectCreator.swift in Sources */,
				AA1111111111111111111119 /* FileIO.swift in Sources */,
				AA1111111111111111111125 /* Check.swift in Sources */,
			);
			runOnlyForDeploymentPostprocessing = 0;
		};
		AA00000000000000000000E2 /* Sources */ = {
			isa = PBXSourcesBuildPhase;
			buildActionMask = 2147483647;
			files = (
				AA1111111111111111111134 /* UpdaterStaging.swift in Sources */,
				AA1111111111111111111135 /* UpdaterMain.swift in Sources */,
			);
			runOnlyForDeploymentPostprocessing = 0;
		};
/* End PBXSourcesBuildPhase section */

/* Begin PBXTargetDependency section */
		AA0000000000000000000019 /* PBXTargetDependency */ = {
			isa = PBXTargetDependency;
			target = AA0000000000000000000010 /* GlyphsMCPInstaller */;
			targetProxy = AA2000000000000000000001 /* PBXContainerItemProxy */;
		};
		AA00000000000000000000D3 /* PBXTargetDependency */ = {
			isa = PBXTargetDependency;
			target = AA00000000000000000000C0 /* GlyphsMCPInstallerCore */;
			targetProxy = AA2000000000000000000002 /* PBXContainerItemProxy */;
		};
		AA00000000000000000000D5 /* PBXTargetDependency */ = {
			isa = PBXTargetDependency;
			target = AA00000000000000000000C0 /* GlyphsMCPInstallerCore */;
			targetProxy = AA2000000000000000000003 /* PBXContainerItemProxy */;
		};
		AA00000000000000000000D7 /* PBXTargetDependency */ = {
			isa = PBXTargetDependency;
			target = AA00000000000000000000E0 /* GlyphsMCPUpdater */;
			targetProxy = AA2000000000000000000004 /* PBXContainerItemProxy */;
		};
/* End PBXTargetDependency section */

/* Begin PBXVariantGroup section */
		AA3000000000000000000025 /* Localizable.strings */ = {
			isa = PBXVariantGroup;
			children = (
				AA3000000000000000000022 /* en */,
				AA3000000000000000000023 /* fr */,
				AA3000000000000000000024 /* zh-Hans */,
			);
			name = Localizable.strings;
			sourceTree = "<group>";
		};
/* End PBXVariantGroup section */

/* Begin XCBuildConfiguration section */
		AA0000000000000000000030 /* Debug */ = {
			isa = XCBuildConfiguration;
			buildSettings = {
				CLANG_WARN_BLOCK_CAPTURE_AUTORELEASING = YES;
				CLANG_WARN_BOOL_CONVERSION = YES;
				CLANG_WARN_COMMA = YES;
				CLANG_WARN_CONSTANT_CONVERSION = YES;
				CLANG_WARN_DEPRECATED_OBJC_IMPLEMENTATIONS = YES;
				CLANG_WARN_EMPTY_BODY = YES;
				CLANG_WARN_ENUM_CONVERSION = YES;
				CLANG_WARN_INFINITE_RECURSION = YES;
				CLANG_WARN_INT_CONVERSION = YES;
				CLANG_WARN_NON_LITERAL_NULL_CONVERSION = YES;
				CLANG_WARN_OBJC_IMPLICIT_RETAIN_SELF = YES;
				CLANG_WARN_OBJC_LITERAL_CONVERSION = YES;
				CLANG_WARN_QUOTED_INCLUDE_IN_FRAMEWORK_HEADER = YES;
				CLANG_WARN_RANGE_LOOP_ANALYSIS = YES;
				CLANG_WARN_STRICT_PROTOTYPES = YES;
				CLANG_WARN_SUSPICIOUS_MOVE = YES;
				CLANG_WARN_UNREACHABLE_CODE = YES;
				CLANG_WARN__DUPLICATE_METHOD_MATCH = YES;
				CODE_SIGN_IDENTITY = "Apple Development";
				CODE_SIGN_STYLE = Automatic;
				DEAD_CODE_STRIPPING = YES;
				DEVELOPMENT_TEAM = N9U29A4T8J;
				ENABLE_HARDENED_RUNTIME = YES;
				ENABLE_STRICT_OBJC_MSGSEND = YES;
				ENABLE_TESTABILITY = YES;
				ENABLE_USER_SCRIPT_SANDBOXING = NO;
				GCC_NO_COMMON_BLOCKS = YES;
				GCC_WARN_64_TO_32_BIT_CONVERSION = YES;
				GCC_WARN_ABOUT_RETURN_TYPE = YES;
				GCC_WARN_UNDECLARED_SELECTOR = YES;
				GCC_WARN_UNINITIALIZED_AUTOS = YES;
				GCC_WARN_UNUSED_FUNCTION = YES;
				GCC_WARN_UNUSED_VARIABLE = YES;
				GENERATE_INFOPLIST_FILE = YES;
				INFOPLIST_KEY_CFBundleDisplayName = "Glyphs MCP Installer";
				INFOPLIST_KEY_CFBundleName = "Glyphs MCP Installer";
				INFOPLIST_KEY_LSApplicationCategoryType = "public.app-category.developer-tools";
				MACOSX_DEPLOYMENT_TARGET = 14.0;
				ONLY_ACTIVE_ARCH = YES;
				PRODUCT_BUNDLE_IDENTIFIER = cx.ap.glyphsMcp;
				PRODUCT_NAME = "$(TARGET_NAME)";
				STRING_CATALOG_GENERATE_SYMBOLS = YES;
				SWIFT_VERSION = 5.9;
			};
			name = Debug;
		};
		AA0000000000000000000031 /* Release */ = {
			isa = XCBuildConfiguration;
			buildSettings = {
				CLANG_WARN_BLOCK_CAPTURE_AUTORELEASING = YES;
				CLANG_WARN_BOOL_CONVERSION = YES;
				CLANG_WARN_COMMA = YES;
				CLANG_WARN_CONSTANT_CONVERSION = YES;
				CLANG_WARN_DEPRECATED_OBJC_IMPLEMENTATIONS = YES;
				CLANG_WARN_EMPTY_BODY = YES;
				CLANG_WARN_ENUM_CONVERSION = YES;
				CLANG_WARN_INFINITE_RECURSION = YES;
				CLANG_WARN_INT_CONVERSION = YES;
				CLANG_WARN_NON_LITERAL_NULL_CONVERSION = YES;
				CLANG_WARN_OBJC_IMPLICIT_RETAIN_SELF = YES;
				CLANG_WARN_OBJC_LITERAL_CONVERSION = YES;
				CLANG_WARN_QUOTED_INCLUDE_IN_FRAMEWORK_HEADER = YES;
				CLANG_WARN_RANGE_LOOP_ANALYSIS = YES;
				CLANG_WARN_STRICT_PROTOTYPES = YES;
				CLANG_WARN_SUSPICIOUS_MOVE = YES;
				CLANG_WARN_UNREACHABLE_CODE = YES;
				CLANG_WARN__DUPLICATE_METHOD_MATCH = YES;
				CODE_SIGN_IDENTITY = "Developer ID Application: Thierry Charbonnel (N9U29A4T8J)";
				CODE_SIGN_STYLE = Manual;
				DEAD_CODE_STRIPPING = YES;
				DEVELOPMENT_TEAM = N9U29A4T8J;
				ENABLE_HARDENED_RUNTIME = YES;
				ENABLE_STRICT_OBJC_MSGSEND = YES;
				ENABLE_USER_SCRIPT_SANDBOXING = NO;
				GCC_NO_COMMON_BLOCKS = YES;
				GCC_WARN_64_TO_32_BIT_CONVERSION = YES;
				GCC_WARN_ABOUT_RETURN_TYPE = YES;
				GCC_WARN_UNDECLARED_SELECTOR = YES;
				GCC_WARN_UNINITIALIZED_AUTOS = YES;
				GCC_WARN_UNUSED_FUNCTION = YES;
				GCC_WARN_UNUSED_VARIABLE = YES;
				GENERATE_INFOPLIST_FILE = YES;
				INFOPLIST_KEY_CFBundleDisplayName = "Glyphs MCP Installer";
				INFOPLIST_KEY_CFBundleName = "Glyphs MCP Installer";
				INFOPLIST_KEY_LSApplicationCategoryType = "public.app-category.developer-tools";
				MACOSX_DEPLOYMENT_TARGET = 14.0;
				PRODUCT_BUNDLE_IDENTIFIER = cx.ap.glyphsMcp;
				PRODUCT_NAME = "$(TARGET_NAME)";
				PROVISIONING_PROFILE_SPECIFIER = "";
				STRING_CATALOG_GENERATE_SYMBOLS = YES;
				SWIFT_COMPILATION_MODE = wholemodule;
				SWIFT_VERSION = 5.9;
			};
			name = Release;
		};
		AA0000000000000000000032 /* Debug */ = {
			isa = XCBuildConfiguration;
			buildSettings = {
				ASSETCATALOG_COMPILER_APPICON_NAME = AppIcon;
				ASSETCATALOG_COMPILER_INCLUDE_ALL_APPICON_ASSETS = NO;
				CLANG_ENABLE_MODULES = YES;
				CLANG_ENABLE_OBJC_WEAK = YES;
				CODE_SIGN_IDENTITY = "Apple Development";
				CODE_SIGN_STYLE = Automatic;
				CURRENT_PROJECT_VERSION = 44;
				DEAD_CODE_STRIPPING = YES;
				DEFINES_MODULE = YES;
				DEVELOPMENT_TEAM = N9U29A4T8J;
				ENABLE_HARDENED_RUNTIME = YES;
				ENABLE_MODULE_VERIFIER = YES;
				ENABLE_USER_SCRIPT_SANDBOXING = NO;
				GENERATE_INFOPLIST_FILE = NO;
				INFOPLIST_FILE = "$(PROJECT_DIR)/Info.plist";
				LD_RUNPATH_SEARCH_PATHS = (
					"$(inherited)",
					"@executable_path/../Frameworks",
				);
				MACOSX_DEPLOYMENT_TARGET = 14.0;
				MARKETING_VERSION = 2.0.0;
				MODULE_VERIFIER_SUPPORTED_LANGUAGE_STANDARDS = "gnu17 gnu++14";
				PRODUCT_BUNDLE_IDENTIFIER = cx.ap.glyphsMcp;
				PRODUCT_NAME = "Glyphs MCP";
				FRAMEWORK_SEARCH_PATHS = ("$(inherited)", "$(PROJECT_DIR)/../../build/desktop-dependencies");
				PROVISIONING_PROFILE_SPECIFIER = "";
				SDKROOT = macosx;
				SUPPORTED_PLATFORMS = macosx;
				SWIFT_ACTIVE_COMPILATION_CONDITIONS = DEBUG;
				SWIFT_VERSION = 5.9;
			};
			name = Debug;
		};
		AA0000000000000000000033 /* Release */ = {
			isa = XCBuildConfiguration;
			buildSettings = {
				ASSETCATALOG_COMPILER_APPICON_NAME = AppIcon;
				ASSETCATALOG_COMPILER_INCLUDE_ALL_APPICON_ASSETS = NO;
				CLANG_ENABLE_MODULES = YES;
				CLANG_ENABLE_OBJC_WEAK = YES;
				CODE_SIGN_IDENTITY = "Apple Development";
				CODE_SIGN_STYLE = Automatic;
				CURRENT_PROJECT_VERSION = 44;
				DEAD_CODE_STRIPPING = YES;
				DEFINES_MODULE = YES;
				DEVELOPMENT_TEAM = N9U29A4T8J;
				ENABLE_HARDENED_RUNTIME = YES;
				ENABLE_MODULE_VERIFIER = YES;
				ENABLE_USER_SCRIPT_SANDBOXING = NO;
				GENERATE_INFOPLIST_FILE = NO;
				INFOPLIST_FILE = "$(PROJECT_DIR)/Info.plist";
				LD_RUNPATH_SEARCH_PATHS = (
					"$(inherited)",
					"@executable_path/../Frameworks",
				);
				MACOSX_DEPLOYMENT_TARGET = 14.0;
				MARKETING_VERSION = 2.0.0;
				MODULE_VERIFIER_SUPPORTED_LANGUAGE_STANDARDS = "gnu17 gnu++14";
				PRODUCT_BUNDLE_IDENTIFIER = cx.ap.glyphsMcp;
				PRODUCT_NAME = "Glyphs MCP";
				FRAMEWORK_SEARCH_PATHS = ("$(inherited)", "$(PROJECT_DIR)/../../build/desktop-dependencies");
				PROVISIONING_PROFILE_SPECIFIER = "";
				SDKROOT = macosx;
				SUPPORTED_PLATFORMS = macosx;
				SWIFT_VERSION = 5.9;
			};
			name = Release;
		};
		AA0000000000000000000034 /* Debug */ = {
			isa = XCBuildConfiguration;
			buildSettings = {
				CLANG_ENABLE_OBJC_WEAK = YES;
				CODE_SIGN_IDENTITY = "Apple Development";
				CODE_SIGN_STYLE = Automatic;
				DEAD_CODE_STRIPPING = YES;
				DEFINES_MODULE = YES;
				DEVELOPMENT_TEAM = N9U29A4T8J;
				ENABLE_MODULE_VERIFIER = YES;
				GENERATE_INFOPLIST_FILE = YES;
				MACOSX_DEPLOYMENT_TARGET = 14.0;
				MODULE_VERIFIER_SUPPORTED_LANGUAGE_STANDARDS = "gnu17 gnu++14";
				PRODUCT_BUNDLE_IDENTIFIER = cx.ap.glyphsMcpServerInstaller.tests;
				PRODUCT_NAME = "$(TARGET_NAME)";
				PROVISIONING_PROFILE_SPECIFIER = "";
				SDKROOT = macosx;
				SUPPORTED_PLATFORMS = macosx;
				SWIFT_VERSION = 5.9;
			};
			name = Debug;
		};
		AA0000000000000000000035 /* Release */ = {
			isa = XCBuildConfiguration;
			buildSettings = {
				CLANG_ENABLE_OBJC_WEAK = YES;
				CODE_SIGN_IDENTITY = "Developer ID Application: Thierry Charbonnel (N9U29A4T8J)";
				CODE_SIGN_STYLE = Manual;
				DEAD_CODE_STRIPPING = YES;
				DEFINES_MODULE = YES;
				DEVELOPMENT_TEAM = N9U29A4T8J;
				ENABLE_MODULE_VERIFIER = YES;
				GENERATE_INFOPLIST_FILE = YES;
				MACOSX_DEPLOYMENT_TARGET = 14.0;
				MODULE_VERIFIER_SUPPORTED_LANGUAGE_STANDARDS = "gnu17 gnu++14";
				PRODUCT_BUNDLE_IDENTIFIER = cx.ap.glyphsMcpServerInstaller.tests;
				PRODUCT_NAME = "$(TARGET_NAME)";
				PROVISIONING_PROFILE_SPECIFIER = "";
				SDKROOT = macosx;
				SUPPORTED_PLATFORMS = macosx;
				SWIFT_VERSION = 5.9;
			};
			name = Release;
		};
		AA00000000000000000000C3 /* Debug */ = {
			isa = XCBuildConfiguration;
			buildSettings = {
				CLANG_ENABLE_MODULES = YES;
				CLANG_ENABLE_OBJC_WEAK = YES;
				CODE_SIGN_IDENTITY = "Apple Development";
				CODE_SIGN_STYLE = Automatic;
				DEAD_CODE_STRIPPING = YES;
				DEFINES_MODULE = YES;
				DEVELOPMENT_TEAM = N9U29A4T8J;
				ENABLE_MODULE_VERIFIER = YES;
				LD_DYLIB_INSTALL_NAME = "@rpath/$(EXECUTABLE_PATH)";
				MACOSX_DEPLOYMENT_TARGET = 14.0;
				MODULE_VERIFIER_SUPPORTED_LANGUAGE_STANDARDS = "gnu17 gnu++14";
				PRODUCT_BUNDLE_IDENTIFIER = cx.ap.glyphsMcpServerInstaller.core;
				PRODUCT_NAME = "$(TARGET_NAME)";
				PROVISIONING_PROFILE_SPECIFIER = "";
				SDKROOT = macosx;
				SUPPORTED_PLATFORMS = macosx;
				SWIFT_ACTIVE_COMPILATION_CONDITIONS = DEBUG;
				SWIFT_VERSION = 5.9;
			};
			name = Debug;
		};
		AA00000000000000000000C4 /* Release */ = {
			isa = XCBuildConfiguration;
			buildSettings = {
				CLANG_ENABLE_MODULES = YES;
				CLANG_ENABLE_OBJC_WEAK = YES;
				CODE_SIGN_IDENTITY = "Apple Development";
				CODE_SIGN_STYLE = Automatic;
				DEAD_CODE_STRIPPING = YES;
				DEFINES_MODULE = YES;
				DEVELOPMENT_TEAM = N9U29A4T8J;
				ENABLE_MODULE_VERIFIER = YES;
				LD_DYLIB_INSTALL_NAME = "@rpath/$(EXECUTABLE_PATH)";
				MACOSX_DEPLOYMENT_TARGET = 14.0;
				MODULE_VERIFIER_SUPPORTED_LANGUAGE_STANDARDS = "gnu17 gnu++14";
				PRODUCT_BUNDLE_IDENTIFIER = cx.ap.glyphsMcpServerInstaller.core;
				PRODUCT_NAME = "$(TARGET_NAME)";
				PROVISIONING_PROFILE_SPECIFIER = "";
				SDKROOT = macosx;
				SUPPORTED_PLATFORMS = macosx;
				SWIFT_VERSION = 5.9;
			};
			name = Release;
		};
		AA00000000000000000000E4 /* Debug */ = {
			isa = XCBuildConfiguration;
			buildSettings = {
				CLANG_ENABLE_MODULES = YES;
				CODE_SIGN_IDENTITY = "Apple Development";
				CODE_SIGN_STYLE = Automatic;
				DEAD_CODE_STRIPPING = YES;
				DEVELOPMENT_TEAM = N9U29A4T8J;
				ENABLE_HARDENED_RUNTIME = YES;
				GENERATE_INFOPLIST_FILE = YES;
				MACOSX_DEPLOYMENT_TARGET = 14.0;
				ONLY_ACTIVE_ARCH = YES;
				PRODUCT_BUNDLE_IDENTIFIER = cx.ap.glyphsMcpUpdater;
				PRODUCT_NAME = GlyphsMCPUpdater;
				SDKROOT = macosx;
				SKIP_INSTALL = YES;
				SUPPORTED_PLATFORMS = macosx;
				SWIFT_ACTIVE_COMPILATION_CONDITIONS = DEBUG;
				SWIFT_VERSION = 5.9;
			};
			name = Debug;
		};
		AA00000000000000000000E5 /* Release */ = {
			isa = XCBuildConfiguration;
			buildSettings = {
				CLANG_ENABLE_MODULES = YES;
				CODE_SIGN_IDENTITY = "Developer ID Application: Thierry Charbonnel (N9U29A4T8J)";
				CODE_SIGN_STYLE = Manual;
				DEAD_CODE_STRIPPING = YES;
				DEVELOPMENT_TEAM = N9U29A4T8J;
				ENABLE_HARDENED_RUNTIME = YES;
				GENERATE_INFOPLIST_FILE = YES;
				MACOSX_DEPLOYMENT_TARGET = 14.0;
				PRODUCT_BUNDLE_IDENTIFIER = cx.ap.glyphsMcpUpdater;
				PRODUCT_NAME = GlyphsMCPUpdater;
				PROVISIONING_PROFILE_SPECIFIER = "";
				SDKROOT = macosx;
				SKIP_INSTALL = YES;
				SUPPORTED_PLATFORMS = macosx;
				SWIFT_COMPILATION_MODE = wholemodule;
				SWIFT_VERSION = 5.9;
			};
			name = Release;
		};
/* End XCBuildConfiguration section */

/* Begin XCConfigurationList section */
		AA000000000000000000001E /* Build configuration list for PBXProject "GlyphsMCPInstaller" */ = {
			isa = XCConfigurationList;
			buildConfigurations = (
				AA0000000000000000000030 /* Debug */,
				AA0000000000000000000031 /* Release */,
			);
			defaultConfigurationIsVisible = 0;
			defaultConfigurationName = Release;
		};
		AA0000000000000000000020 /* Build configuration list for PBXNativeTarget "GlyphsMCPInstaller" */ = {
			isa = XCConfigurationList;
			buildConfigurations = (
				AA0000000000000000000032 /* Debug */,
				AA0000000000000000000033 /* Release */,
			);
			defaultConfigurationIsVisible = 0;
			defaultConfigurationName = Release;
		};
		AA0000000000000000000023 /* Build configuration list for PBXNativeTarget "GlyphsMCPInstallerTests" */ = {
			isa = XCConfigurationList;
			buildConfigurations = (
				AA0000000000000000000034 /* Debug */,
				AA0000000000000000000035 /* Release */,
			);
			defaultConfigurationIsVisible = 0;
			defaultConfigurationName = Release;
		};
		AA00000000000000000000C2 /* Build configuration list for PBXNativeTarget "GlyphsMCPInstallerCore" */ = {
			isa = XCConfigurationList;
			buildConfigurations = (
				AA00000000000000000000C3 /* Debug */,
				AA00000000000000000000C4 /* Release */,
			);
			defaultConfigurationIsVisible = 0;
			defaultConfigurationName = Release;
		};
		AA00000000000000000000E3 /* Build configuration list for PBXNativeTarget "GlyphsMCPUpdater" */ = {
			isa = XCConfigurationList;
			buildConfigurations = (
				AA00000000000000000000E4 /* Debug */,
				AA00000000000000000000E5 /* Release */,
			);
			defaultConfigurationIsVisible = 0;
			defaultConfigurationName = Release;
		};
/* End XCConfigurationList section */

/* Begin XCLocalSwiftPackageReference section */
		B40000000000000000000001 /* XCLocalSwiftPackageReference "PierreDiffsSwift" */ = {
			isa = XCLocalSwiftPackageReference;
			relativePath = ../../build/desktop-dependencies/PierreDiffsSwift;
		};
/* End XCLocalSwiftPackageReference section */

/* Begin XCSwiftPackageProductDependency section */
		B40000000000000000000002 /* PierreDiffsSwift */ = {
			isa = XCSwiftPackageProductDependency;
			package = B40000000000000000000001 /* XCLocalSwiftPackageReference "PierreDiffsSwift" */;
			productName = PierreDiffsSwift;
		};
/* End XCSwiftPackageProductDependency section */
	};
	rootObject = AA0000000000000000000001 /* Project object */;
}
